
Microsoft Visual Studio Solution File, Format Version 12.00
# Visual Studio Version 17
VisualStudioVersion = 17.5.33424.131
MinimumVisualStudioVersion = 10.0.40219.1
Project("{9A19103F-16F7-4668-BE54-9A1E7A4F7556}") = "API", "API\API.csproj", "{7C353C52-7C01-48DE-8DF3-988F1BAE8E4C}"
EndProject
Project("{9A19103F-16F7-4668-BE54-9A1E7A4F7556}") = "APIRestful.Entities", "APIRestful.Entities\APIRestful.Entities.csproj", "{3E8CF605-C29D-4E62-A88C-47099B248650}"
EndProject
Project("{FAE04EC0-301F-11D3-BF4B-00C04F79EFBC}") = "APIResfault.Application", "APIResfault.Application\APIResfault.Application.csproj", "{1D8BE7F6-CFB9-472E-AD31-302D76526458}"
EndProject
Project("{FAE04EC0-301F-11D3-BF4B-00C04F79EFBC}") = "APIRestfull.Application.Test", "APIRestfull.Application.Test\APIRestfull.Application.Test.csproj", "{8659730B-2D35-4718-8C7F-36E53FF58BAE}"
EndProject
Global
	GlobalSection(SolutionConfigurationPlatforms) = preSolution
		Debug|Any CPU = Debug|Any CPU
		Release|Any CPU = Release|Any CPU
	EndGlobalSection
	GlobalSection(ProjectConfigurationPlatforms) = postSolution
		{7C353C52-7C01-48DE-8DF3-988F1BAE8E4C}.Debug|Any CPU.ActiveCfg = Debug|Any CPU
		{7C353C52-7C01-48DE-8DF3-988F1BAE8E4C}.Debug|Any CPU.Build.0 = Debug|Any CPU
		{7C353C52-7C01-48DE-8DF3-988F1BAE8E4C}.Release|Any CPU.ActiveCfg = Release|Any CPU
		{7C353C52-7C01-48DE-8DF3-988F1BAE8E4C}.Release|Any CPU.Build.0 = Release|Any CPU
		{3E8CF605-C29D-4E62-A88C-47099B248650}.Debug|Any CPU.ActiveCfg = Debug|Any CPU
		{3E8CF605-C29D-4E62-A88C-47099B248650}.Debug|Any CPU.Build.0 = Debug|Any CPU
		{3E8CF605-C29D-4E62-A88C-47099B248650}.Release|Any CPU.ActiveCfg = Release|Any CPU
		{3E8CF605-C29D-4E62-A88C-47099B248650}.Release|Any CPU.Build.0 = Release|Any CPU
		{1D8BE7F6-CFB9-472E-AD31-302D76526458}.Debug|Any CPU.ActiveCfg = Debug|Any CPU
		{1D8BE7F6-CFB9-472E-AD31-302D76526458}.Debug|Any CPU.Build.0 = Debug|Any CPU
		{1D8BE7F6-CFB9-472E-AD31-302D76526458}.Release|Any CPU.ActiveCfg = Release|Any CPU
		{1D8BE7F6-CFB9-472E-AD31-302D76526458}.Release|Any CPU.Build.0 = Release|Any CPU
		{8659730B-2D35-4718-8C7F-36E53FF58BAE}.Debug|Any CPU.ActiveCfg = Debug|Any CPU
		{8659730B-2D35-4718-8C7F-36E53FF58BAE}.Debug|Any CPU.Build.0 = Debug|Any CPU
		{8659730B-2D35-4718-8C7F-36E53FF58BAE}.Release|Any CPU.ActiveCfg = Release|Any CPU
		{8659730B-2D35-4718-8C7F-36E53FF58BAE}.Release|Any CPU.Build.0 = Release|Any CPU
	EndGlobalSection
	GlobalSection(SolutionProperties) = preSolution
		HideSolutionNode = FALSE
	EndGlobalSection
	GlobalSection(ExtensibilityGlobals) = postSolution
		SolutionGuid = {21FC9454-03C8-4C0A-95A1-EEAC731EE453}
	EndGlobalSection
EndGlobal
